# This file was autogenerated by Stack.
# You should not edit this file by hand.
# For more information, please see the documentation at:
#   https://docs.haskellstack.org/en/stable/lock_files

packages:
- completed:
    hackage: strict-io-0.2.2@sha256:1cc96f9a123a919ff9ee479f740cbc9fa9edf7c8ac65334de3fdce07638949ed,1012
    pantry-tree:
      size: 345
      sha256: 2fd47d6f9374805075d176012d95d8ea28e643639b8d028f35f732618b5d1683
  original:
    hackage: strict-io-0.2.2@sha256:1cc96f9a123a919ff9ee479f740cbc9fa9edf7c8ac65334de3fdce07638949ed,1012
snapshots:
- completed:
    size: 524154
    url: https://raw.githubusercontent.com/commercialhaskell/stackage-snapshots/master/lts/14/20.yaml
    sha256: 2f5099f69ddb6abfe64400fe1e6a604e8e628f55e6837211cd70a81eb0a8fa4d
  original: lts-14.20
